
Microsoft Visual Studio Solution File, Format Version 12.00
# Visual Studio Version 16
VisualStudioVersion = 16.0.31613.86
MinimumVisualStudioVersion = 10.0.40219.1
Project("{FAE04EC0-301F-11D3-BF4B-00C04F79EFBC}") = "Bank", "Bank\Bank.csproj", "{23249FD7-A125-45FA-927F-964894D969FD}"
EndProject
Global
	GlobalSection(SolutionConfigurationPlatforms) = preSolution
		Debug|Any CPU = Debug|Any CPU
		Release|Any CPU = Release|Any CPU
	EndGlobalSection
	GlobalSection(ProjectConfigurationPlatforms) = postSolution
		{23249FD7-A125-45FA-927F-964894D969FD}.Debug|Any CPU.ActiveCfg = Debug|Any CPU
		{23249FD7-A125-45FA-927F-964894D969FD}.Debug|Any CPU.Build.0 = Debug|Any CPU
		{23249FD7-A125-45FA-927F-964894D969FD}.Release|Any CPU.ActiveCfg = Release|Any CPU
		{23249FD7-A125-45FA-927F-964894D969FD}.Release|Any CPU.Build.0 = Release|Any CPU
	EndGlobalSection
	GlobalSection(SolutionProperties) = preSolution
		HideSolutionNode = FALSE
	EndGlobalSection
	GlobalSection(ExtensibilityGlobals) = postSolution
		SolutionGuid = {C58487EA-8F16-40D1-AE1D-9ABCB58091BE}
	EndGlobalSection
EndGlobal
